
Microsoft Visual Studio Solution File, Format Version 12.00
# Visual Studio Version 17
VisualStudioVersion = 17.11.35312.102
MinimumVisualStudioVersion = 10.0.40219.1
Project("{FAE04EC0-301F-11D3-BF4B-00C04F79EFBC}") = "automobileManagementSystem", "automobileManagementSystem\automobileManagementSystem.csproj", "{422DD0C4-5057-41A4-B741-A9BA11CE1139}"
EndProject
Global
	GlobalSection(SolutionConfigurationPlatforms) = preSolution
		Debug|Any CPU = Debug|Any CPU
		Release|Any CPU = Release|Any CPU
	EndGlobalSection
	GlobalSection(ProjectConfigurationPlatforms) = postSolution
		{422DD0C4-5057-41A4-B741-A9BA11CE1139}.Debug|Any CPU.ActiveCfg = Debug|Any CPU
		{422DD0C4-5057-41A4-B741-A9BA11CE1139}.Debug|Any CPU.Build.0 = Debug|Any CPU
		{422DD0C4-5057-41A4-B741-A9BA11CE1139}.Release|Any CPU.ActiveCfg = Release|Any CPU
		{422DD0C4-5057-41A4-B741-A9BA11CE1139}.Release|Any CPU.Build.0 = Release|Any CPU
	EndGlobalSection
	GlobalSection(SolutionProperties) = preSolution
		HideSolutionNode = FALSE
	EndGlobalSection
	GlobalSection(ExtensibilityGlobals) = postSolution
		SolutionGuid = {44938EFE-BD8D-447F-B0D5-2CC893D46926}
	EndGlobalSection
EndGlobal
